
Microsoft Visual Studio Solution File, Format Version 12.00
# Visual Studio Version 16
VisualStudioVersion = 16.0.31729.503
MinimumVisualStudioVersion = 10.0.40219.1
Project("{FAE04EC0-301F-11D3-BF4B-00C04F79EFBC}") = "University.API", "University.API\University.API.csproj", "{938B364C-5734-437D-9514-240EABE15D5E}"
EndProject
Project("{FAE04EC0-301F-11D3-BF4B-00C04F79EFBC}") = "University.BL", "University.BL\University.BL.csproj", "{3C328847-4923-4EEA-9CDE-6A906E7EE1FE}"
EndProject
Global
	GlobalSection(SolutionConfigurationPlatforms) = preSolution
		Debug|Any CPU = Debug|Any CPU
		Release|Any CPU = Release|Any CPU
	EndGlobalSection
	GlobalSection(ProjectConfigurationPlatforms) = postSolution
		{938B364C-5734-437D-9514-240EABE15D5E}.Debug|Any CPU.ActiveCfg = Debug|Any CPU
		{938B364C-5734-437D-9514-240EABE15D5E}.Debug|Any CPU.Build.0 = Debug|Any CPU
		{938B364C-5734-437D-9514-240EABE15D5E}.Release|Any CPU.ActiveCfg = Release|Any CPU
		{938B364C-5734-437D-9514-240EABE15D5E}.Release|Any CPU.Build.0 = Release|Any CPU
		{3C328847-4923-4EEA-9CDE-6A906E7EE1FE}.Debug|Any CPU.ActiveCfg = Debug|Any CPU
		{3C328847-4923-4EEA-9CDE-6A906E7EE1FE}.Debug|Any CPU.Build.0 = Debug|Any CPU
		{3C328847-4923-4EEA-9CDE-6A906E7EE1FE}.Release|Any CPU.ActiveCfg = Release|Any CPU
		{3C328847-4923-4EEA-9CDE-6A906E7EE1FE}.Release|Any CPU.Build.0 = Release|Any CPU
	EndGlobalSection
	GlobalSection(SolutionProperties) = preSolution
		HideSolutionNode = FALSE
	EndGlobalSection
	GlobalSection(ExtensibilityGlobals) = postSolution
		SolutionGuid = {ADC32700-B3EC-43FC-B755-1075F4041AAE}
	EndGlobalSection
EndGlobal
